
Microsoft Visual Studio Solution File, Format Version 12.00
# Visual Studio Version 17
VisualStudioVersion = 17.0.32112.339
MinimumVisualStudioVersion = 10.0.40219.1
Project("{FAE04EC0-301F-11D3-BF4B-00C04F79EFBC}") = "Maya", "Maya\Maya.csproj", "{C40D0C1F-8345-4C04-9058-EFD5D18C0557}"
EndProject
Global
	GlobalSection(SolutionConfigurationPlatforms) = preSolution
		Debug|Any CPU = Debug|Any CPU
		Release|Any CPU = Release|Any CPU
	EndGlobalSection
	GlobalSection(ProjectConfigurationPlatforms) = postSolution
		{C40D0C1F-8345-4C04-9058-EFD5D18C0557}.Debug|Any CPU.ActiveCfg = Debug|Any CPU
		{C40D0C1F-8345-4C04-9058-EFD5D18C0557}.Debug|Any CPU.Build.0 = Debug|Any CPU
		{C40D0C1F-8345-4C04-9058-EFD5D18C0557}.Release|Any CPU.ActiveCfg = Release|Any CPU
		{C40D0C1F-8345-4C04-9058-EFD5D18C0557}.Release|Any CPU.Build.0 = Release|Any CPU
	EndGlobalSection
	GlobalSection(SolutionProperties) = preSolution
		HideSolutionNode = FALSE
	EndGlobalSection
	GlobalSection(ExtensibilityGlobals) = postSolution
		SolutionGuid = {DA64667D-9C05-4130-BE9D-BC4C74C632E1}
	EndGlobalSection
EndGlobal
